{
  "name": "example",
  "version": "0.0.0",
  "dependencies": {
    "@angular/animations": {
      "version": "4.2.2",
      "from": "@angular/animations@>=4.0.0 <5.0.0",
      "resolved": "https://registry.npmjs.org/@angular/animations/-/animations-4.2.2.tgz"
    },
    "@angular/common": {
      "version": "4.2.2",
      "from": "@angular/common@>=4.0.0 <5.0.0",
      "resolved": "https://registry.npmjs.org/@angular/common/-/common-4.2.2.tgz"
    },
    "@angular/compiler": {
      "version": "4.2.2",
      "from": "@angular/compiler@>=4.0.0 <5.0.0",
      "resolved": "https://registry.npmjs.org/@angular/compiler/-/compiler-4.2.2.tgz"
    },
    "@angular/core": {
      "version": "4.2.2",
      "from": "@angular/core@>=4.0.0 <5.0.0",
      "resolved": "https://registry.npmjs.org/@angular/core/-/core-4.2.2.tgz"
    },
    "@angular/forms": {
      "version": "4.2.2",
      "from": "@angular/forms@>=4.0.0 <5.0.0",
      "resolved": "https://registry.npmjs.org/@angular/forms/-/forms-4.2.2.tgz"
    },
    "@angular/http": {
      "version": "4.2.2",
      "from": "@angular/http@>=4.0.0 <5.0.0",
      "resolved": "https://registry.npmjs.org/@angular/http/-/http-4.2.2.tgz"
    },
    "@angular/platform-browser": {
      "version": "4.2.2",
      "from": "@angular/platform-browser@>=4.0.0 <5.0.0",
      "resolved": "https://registry.npmjs.org/@angular/platform-browser/-/platform-browser-4.2.2.tgz"
    },
    "@angular/platform-browser-dynamic": {
      "version": "4.2.2",
      "from": "@angular/platform-browser-dynamic@>=4.0.0 <5.0.0",
      "resolved": "https://registry.npmjs.org/@angular/platform-browser-dynamic/-/platform-browser-dynamic-4.2.2.tgz"
    },
    "@angular/router": {
      "version": "4.2.2",
      "from": "@angular/router@>=4.0.0 <5.0.0",
      "resolved": "https://registry.npmjs.org/@angular/router/-/router-4.2.2.tgz"
    },
    "@webcomponents/custom-elements": {
      "version": "1.0.0",
      "from": "@webcomponents/custom-elements@1.0.0",
      "resolved": "https://registry.npmjs.org/@webcomponents/custom-elements/-/custom-elements-1.0.0.tgz"
    },
    "clarity-angular": {
      "version": "0.9.8",
      "from": "clarity-angular@latest",
      "resolved": "https://registry.npmjs.org/clarity-angular/-/clarity-angular-0.9.8.tgz"
    },
    "clarity-icons": {
      "version": "0.9.8",
      "from": "clarity-icons@latest",
      "resolved": "https://registry.npmjs.org/clarity-icons/-/clarity-icons-0.9.8.tgz"
    },
    "clarity-ui": {
      "version": "0.9.8",
      "from": "clarity-ui@latest",
      "resolved": "https://registry.npmjs.org/clarity-ui/-/clarity-ui-0.9.8.tgz"
    },
    "core-js": {
      "version": "2.4.1",
      "from": "core-js@>=2.4.1 <3.0.0",
      "resolved": "https://registry.npmjs.org/core-js/-/core-js-2.4.1.tgz"
    },
    "dompurify": {
      "version": "0.9.0",
      "from": "dompurify@>=0.9.0 <0.10.0",
      "resolved": "https://registry.npmjs.org/dompurify/-/dompurify-0.9.0.tgz"
    },
    "mutationobserver-shim": {
      "version": "0.3.2",
      "from": "mutationobserver-shim@0.3.2",
      "resolved": "https://registry.npmjs.org/mutationobserver-shim/-/mutationobserver-shim-0.3.2.tgz"
    },
    "rxjs": {
      "version": "5.4.0",
      "from": "rxjs@>=5.1.0 <6.0.0",
      "resolved": "https://registry.npmjs.org/rxjs/-/rxjs-5.4.0.tgz"
    },
    "symbol-observable": {
      "version": "1.0.4",
      "from": "symbol-observable@>=1.0.1 <2.0.0",
      "resolved": "https://registry.npmjs.org/symbol-observable/-/symbol-observable-1.0.4.tgz"
    },
    "tslib": {
      "version": "1.7.1",
      "from": "tslib@>=1.7.1 <2.0.0",
      "resolved": "https://registry.npmjs.org/tslib/-/tslib-1.7.1.tgz"
    },
    "zone.js": {
      "version": "0.8.12",
      "from": "zone.js@>=0.8.4 <0.9.0",
      "resolved": "https://registry.npmjs.org/zone.js/-/zone.js-0.8.12.tgz"
    }
  }
}
